
Microsoft Visual Studio Solution File, Format Version 12.00
# Visual Studio 14
VisualStudioVersion = 14.0.25123.0
MinimumVisualStudioVersion = 10.0.40219.1
Project("{FAE04EC0-301F-11D3-BF4B-00C04F79EFBC}") = "PadocaOnline", "PadocaOnline\PadocaOnline.csproj", "{F4D6BAD1-98A5-4C8B-BC0F-18C3A1167027}"
EndProject
Project("{FAE04EC0-301F-11D3-BF4B-00C04F79EFBC}") = "DataAccess", "DataAccess\DataAccess.csproj", "{A8E4C016-40A0-40FA-AA97-CDC72849B249}"
EndProject
Project("{FAE04EC0-301F-11D3-BF4B-00C04F79EFBC}") = "PadocaWeb", "PadocaWeb\PadocaWeb.csproj", "{554FEFED-E070-49EE-8CDE-60C2639EA43C}"
EndProject
Global
	GlobalSection(SolutionConfigurationPlatforms) = preSolution
		Debug|Any CPU = Debug|Any CPU
		Release|Any CPU = Release|Any CPU
	EndGlobalSection
	GlobalSection(ProjectConfigurationPlatforms) = postSolution
		{F4D6BAD1-98A5-4C8B-BC0F-18C3A1167027}.Debug|Any CPU.ActiveCfg = Debug|Any CPU
		{F4D6BAD1-98A5-4C8B-BC0F-18C3A1167027}.Debug|Any CPU.Build.0 = Debug|Any CPU
		{F4D6BAD1-98A5-4C8B-BC0F-18C3A1167027}.Release|Any CPU.ActiveCfg = Release|Any CPU
		{F4D6BAD1-98A5-4C8B-BC0F-18C3A1167027}.Release|Any CPU.Build.0 = Release|Any CPU
		{A8E4C016-40A0-40FA-AA97-CDC72849B249}.Debug|Any CPU.ActiveCfg = Debug|Any CPU
		{A8E4C016-40A0-40FA-AA97-CDC72849B249}.Debug|Any CPU.Build.0 = Debug|Any CPU
		{A8E4C016-40A0-40FA-AA97-CDC72849B249}.Release|Any CPU.ActiveCfg = Release|Any CPU
		{A8E4C016-40A0-40FA-AA97-CDC72849B249}.Release|Any CPU.Build.0 = Release|Any CPU
		{554FEFED-E070-49EE-8CDE-60C2639EA43C}.Debug|Any CPU.ActiveCfg = Debug|Any CPU
		{554FEFED-E070-49EE-8CDE-60C2639EA43C}.Debug|Any CPU.Build.0 = Debug|Any CPU
		{554FEFED-E070-49EE-8CDE-60C2639EA43C}.Release|Any CPU.ActiveCfg = Release|Any CPU
		{554FEFED-E070-49EE-8CDE-60C2639EA43C}.Release|Any CPU.Build.0 = Release|Any CPU
	EndGlobalSection
	GlobalSection(SolutionProperties) = preSolution
		HideSolutionNode = FALSE
	EndGlobalSection
EndGlobal
